Microsoft Visual Studio Solution File, Format Version 7.00
Project("{FAE04EC0-301F-11D3-BF4B-00C04F79EFBC}") = "DrawingRegions", "DrawingRegions.csproj", "{DBC8E9DB-49B4-49DA-BEEF-011BE78646DD}"
EndProject
Global
	GlobalSection(SolutionConfiguration) = preSolution
		ConfigName.0 = Debug
		ConfigName.1 = Release
	EndGlobalSection
	GlobalSection(ProjectDependencies) = postSolution
	EndGlobalSection
	GlobalSection(ProjectConfiguration) = postSolution
		{DBC8E9DB-49B4-49DA-BEEF-011BE78646DD}.Debug.ActiveCfg = Debug|.NET
		{DBC8E9DB-49B4-49DA-BEEF-011BE78646DD}.Debug.Build.0 = Debug|.NET
		{DBC8E9DB-49B4-49DA-BEEF-011BE78646DD}.Release.ActiveCfg = Release|.NET
		{DBC8E9DB-49B4-49DA-BEEF-011BE78646DD}.Release.Build.0 = Release|.NET
	EndGlobalSection
	GlobalSection(ExtensibilityGlobals) = postSolution
	EndGlobalSection
	GlobalSection(ExtensibilityAddIns) = postSolution
	EndGlobalSection
EndGlobal
