Microsoft Visual Studio Solution File, Format Version 7.00
Project("{FAE04EC0-301F-11D3-BF4B-00C04F79EFBC}") = "Ch06Ex04", "Ch06Ex04.csproj", "{3CD15D65-A6E4-4ED9-A34F-CEAB00812F15}"
EndProject
Global
	GlobalSection(SolutionConfiguration) = preSolution
		ConfigName.0 = Debug
		ConfigName.1 = Release
	EndGlobalSection
	GlobalSection(ProjectDependencies) = postSolution
	EndGlobalSection
	GlobalSection(ProjectConfiguration) = postSolution
		{3CD15D65-A6E4-4ED9-A34F-CEAB00812F15}.Debug.ActiveCfg = Debug|.NET
		{3CD15D65-A6E4-4ED9-A34F-CEAB00812F15}.Debug.Build.0 = Debug|.NET
		{3CD15D65-A6E4-4ED9-A34F-CEAB00812F15}.Release.ActiveCfg = Release|.NET
		{3CD15D65-A6E4-4ED9-A34F-CEAB00812F15}.Release.Build.0 = Release|.NET
	EndGlobalSection
	GlobalSection(ExtensibilityGlobals) = postSolution
	EndGlobalSection
	GlobalSection(ExtensibilityAddIns) = postSolution
	EndGlobalSection
EndGlobal
