Microsoft Visual Studio Solution File, Format Version 12.00
# Visual Studio Version 17
VisualStudioVersion = 17.6.33712.159
MinimumVisualStudioVersion = 10.0.40219.1
Project("{FAE04EC0-301F-11D3-BF4B-00C04F79EFBC}") = "ShowSQL", "ShowSQL.csproj", "{F09B9C0F-88CC-4AAD-87DD-219897EBC1FA}"
EndProject
Global
	GlobalSection(SolutionConfigurationPlatforms) = preSolution
		Debug|Any CPU = Debug|Any CPU
		Release|Any CPU = Release|Any CPU
	EndGlobalSection
	GlobalSection(ProjectConfigurationPlatforms) = postSolution
		{F09B9C0F-88CC-4AAD-87DD-219897EBC1FA}.Debug|Any CPU.ActiveCfg = Debug|Any CPU
		{F09B9C0F-88CC-4AAD-87DD-219897EBC1FA}.Debug|Any CPU.Build.0 = Debug|Any CPU
		{F09B9C0F-88CC-4AAD-87DD-219897EBC1FA}.Release|Any CPU.ActiveCfg = Release|Any CPU
		{F09B9C0F-88CC-4AAD-87DD-219897EBC1FA}.Release|Any CPU.Build.0 = Release|Any CPU
	EndGlobalSection
	GlobalSection(SolutionProperties) = preSolution
		HideSolutionNode = FALSE
	EndGlobalSection
	GlobalSection(ExtensibilityGlobals) = postSolution
		SolutionGuid = {C43DA90A-3797-4550-BE7B-F3D9251E9BB1}
	EndGlobalSection
EndGlobal
