Microsoft Visual Studio Solution File, Format Version 12.00
# Visual Studio Version 17
VisualStudioVersion = 17.6.33712.159
MinimumVisualStudioVersion = 10.0.40219.1
Project("{FAE04EC0-301F-11D3-BF4B-00C04F79EFBC}") = "Ch05Ex03", "Ch05Ex03.csproj", "{FBC59356-E092-4FE7-A0FF-1D08D31FDC2A}"
EndProject
Global
	GlobalSection(SolutionConfigurationPlatforms) = preSolution
		Debug|Any CPU = Debug|Any CPU
		Release|Any CPU = Release|Any CPU
	EndGlobalSection
	GlobalSection(ProjectConfigurationPlatforms) = postSolution
		{FBC59356-E092-4FE7-A0FF-1D08D31FDC2A}.Debug|Any CPU.ActiveCfg = Debug|Any CPU
		{FBC59356-E092-4FE7-A0FF-1D08D31FDC2A}.Debug|Any CPU.Build.0 = Debug|Any CPU
		{FBC59356-E092-4FE7-A0FF-1D08D31FDC2A}.Release|Any CPU.ActiveCfg = Release|Any CPU
		{FBC59356-E092-4FE7-A0FF-1D08D31FDC2A}.Release|Any CPU.Build.0 = Release|Any CPU
	EndGlobalSection
	GlobalSection(SolutionProperties) = preSolution
		HideSolutionNode = FALSE
	EndGlobalSection
	GlobalSection(ExtensibilityGlobals) = postSolution
		SolutionGuid = {E4D99478-0953-4ECF-8906-BC8D72B7058B}
	EndGlobalSection
EndGlobal
