Microsoft Visual Studio Solution File, Format Version 7.00
Project("{FAE04EC0-301F-11D3-BF4B-00C04F79EFBC}") = "Ch05Ex03", "Ch05Ex03.csproj", "{FBC59356-E092-4FE7-A0FF-1D08D31FDC2A}"
EndProject
Global
	GlobalSection(SolutionConfiguration) = preSolution
		ConfigName.0 = Debug
		ConfigName.1 = Release
	EndGlobalSection
	GlobalSection(ProjectDependencies) = postSolution
	EndGlobalSection
	GlobalSection(ProjectConfiguration) = postSolution
		{FBC59356-E092-4FE7-A0FF-1D08D31FDC2A}.Debug.ActiveCfg = Debug|.NET
		{FBC59356-E092-4FE7-A0FF-1D08D31FDC2A}.Debug.Build.0 = Debug|.NET
		{FBC59356-E092-4FE7-A0FF-1D08D31FDC2A}.Release.ActiveCfg = Release|.NET
		{FBC59356-E092-4FE7-A0FF-1D08D31FDC2A}.Release.Build.0 = Release|.NET
	EndGlobalSection
	GlobalSection(ExtensibilityGlobals) = postSolution
	EndGlobalSection
	GlobalSection(ExtensibilityAddIns) = postSolution
	EndGlobalSection
EndGlobal
