
Microsoft Visual Studio Solution File, Format Version 12.00
# Visual Studio Version 17
VisualStudioVersion = 17.6.33712.159
MinimumVisualStudioVersion = 10.0.40219.1
Project("{FAE04EC0-301F-11D3-BF4B-00C04F79EFBC}") = "NumberSortv3", "NumberSortv3.csproj", "{35E98774-D3BC-41FD-912C-1C7A4F9B7486}"
EndProject
Global
	GlobalSection(SolutionConfigurationPlatforms) = preSolution
		Debug|Any CPU = Debug|Any CPU
		Release|Any CPU = Release|Any CPU
	EndGlobalSection
	GlobalSection(ProjectConfigurationPlatforms) = postSolution
		{35E98774-D3BC-41FD-912C-1C7A4F9B7486}.Debug|Any CPU.ActiveCfg = Debug|Any CPU
		{35E98774-D3BC-41FD-912C-1C7A4F9B7486}.Debug|Any CPU.Build.0 = Debug|Any CPU
		{35E98774-D3BC-41FD-912C-1C7A4F9B7486}.Release|Any CPU.ActiveCfg = Release|Any CPU
		{35E98774-D3BC-41FD-912C-1C7A4F9B7486}.Release|Any CPU.Build.0 = Release|Any CPU
	EndGlobalSection
	GlobalSection(SolutionProperties) = preSolution
		HideSolutionNode = FALSE
	EndGlobalSection
	GlobalSection(ExtensibilityGlobals) = postSolution
		SolutionGuid = {12F0019C-2C73-4DE6-826A-36FC60ACB3A5}
	EndGlobalSection
EndGlobal
