Microsoft Visual Studio Solution File, Format Version 12.00
# Visual Studio Version 16
VisualStudioVersion = 16.0.29201.188
MinimumVisualStudioVersion = 10.0.40219.1
Project("{FAE04EC0-301F-11D3-BF4B-00C04F79EFBC}") = "Ch09Ex02", "Ch09Ex02.csproj", "{223B975C-8057-4BC3-8A0E-32B0C6DBD93B}"
EndProject
Global
	GlobalSection(SolutionConfigurationPlatforms) = preSolution
		Debug|Any CPU = Debug|Any CPU
		Release|Any CPU = Release|Any CPU
	EndGlobalSection
	GlobalSection(ProjectConfigurationPlatforms) = postSolution
		{223B975C-8057-4BC3-8A0E-32B0C6DBD93B}.Debug|Any CPU.ActiveCfg = Debug|Any CPU
		{223B975C-8057-4BC3-8A0E-32B0C6DBD93B}.Debug|Any CPU.Build.0 = Debug|Any CPU
		{223B975C-8057-4BC3-8A0E-32B0C6DBD93B}.Release|Any CPU.ActiveCfg = Release|Any CPU
		{223B975C-8057-4BC3-8A0E-32B0C6DBD93B}.Release|Any CPU.Build.0 = Release|Any CPU
	EndGlobalSection
	GlobalSection(SolutionProperties) = preSolution
		HideSolutionNode = FALSE
	EndGlobalSection
	GlobalSection(ExtensibilityGlobals) = postSolution
		SolutionGuid = {55523495-194D-4E1D-B237-3868A9CDB57A}
	EndGlobalSection
EndGlobal
