Microsoft Visual Studio Solution File, Format Version 7.00
Project("{FAE04EC0-301F-11D3-BF4B-00C04F79EFBC}") = "ReadFile", "ReadFile.csproj", "{0B0E1A8C-6CF7-469C-912B-2079D51A1390}"
EndProject
Global
	GlobalSection(SolutionConfiguration) = preSolution
		ConfigName.0 = Debug
		ConfigName.1 = Release
	EndGlobalSection
	GlobalSection(ProjectDependencies) = postSolution
	EndGlobalSection
	GlobalSection(ProjectConfiguration) = postSolution
		{0B0E1A8C-6CF7-469C-912B-2079D51A1390}.Debug.ActiveCfg = Debug|.NET
		{0B0E1A8C-6CF7-469C-912B-2079D51A1390}.Debug.Build.0 = Debug|.NET
		{0B0E1A8C-6CF7-469C-912B-2079D51A1390}.Release.ActiveCfg = Release|.NET
		{0B0E1A8C-6CF7-469C-912B-2079D51A1390}.Release.Build.0 = Release|.NET
	EndGlobalSection
	GlobalSection(ExtensibilityGlobals) = postSolution
	EndGlobalSection
	GlobalSection(ExtensibilityAddIns) = postSolution
	EndGlobalSection
EndGlobal
