
Microsoft Visual Studio Solution File, Format Version 12.00
# Visual Studio Version 16
VisualStudioVersion = 16.0.30523.141
MinimumVisualStudioVersion = 10.0.40219.1
Project("{FAE04EC0-301F-11D3-BF4B-00C04F79EFBC}") = "20Questions", "20Questions.csproj", "{858BC7A9-B940-4571-AEB2-30E2EAE59D22}"
EndProject
Global
	GlobalSection(SolutionConfigurationPlatforms) = preSolution
		Debug|Any CPU = Debug|Any CPU
		Release|Any CPU = Release|Any CPU
	EndGlobalSection
	GlobalSection(ProjectConfigurationPlatforms) = postSolution
		{858BC7A9-B940-4571-AEB2-30E2EAE59D22}.Debug|Any CPU.ActiveCfg = Debug|Any CPU
		{858BC7A9-B940-4571-AEB2-30E2EAE59D22}.Debug|Any CPU.Build.0 = Debug|Any CPU
		{858BC7A9-B940-4571-AEB2-30E2EAE59D22}.Release|Any CPU.ActiveCfg = Release|Any CPU
		{858BC7A9-B940-4571-AEB2-30E2EAE59D22}.Release|Any CPU.Build.0 = Release|Any CPU
	EndGlobalSection
	GlobalSection(SolutionProperties) = preSolution
		HideSolutionNode = FALSE
	EndGlobalSection
	GlobalSection(ExtensibilityGlobals) = postSolution
		SolutionGuid = {99B55490-5DFE-46D9-815B-0307229366CE}
	EndGlobalSection
EndGlobal
