Microsoft Visual Studio Solution File, Format Version 7.00
Project("{FAE04EC0-301F-11D3-BF4B-00C04F79EFBC}") = "DrawImage", "DrawImage.csproj", "{470242DD-77FB-4DB5-980A-05E61F0E6A1D}"
EndProject
Global
	GlobalSection(SolutionConfiguration) = preSolution
		ConfigName.0 = Debug
		ConfigName.1 = Release
	EndGlobalSection
	GlobalSection(ProjectDependencies) = postSolution
	EndGlobalSection
	GlobalSection(ProjectConfiguration) = postSolution
		{470242DD-77FB-4DB5-980A-05E61F0E6A1D}.Debug.ActiveCfg = Debug|.NET
		{470242DD-77FB-4DB5-980A-05E61F0E6A1D}.Debug.Build.0 = Debug|.NET
		{470242DD-77FB-4DB5-980A-05E61F0E6A1D}.Release.ActiveCfg = Release|.NET
		{470242DD-77FB-4DB5-980A-05E61F0E6A1D}.Release.Build.0 = Release|.NET
	EndGlobalSection
	GlobalSection(ExtensibilityGlobals) = postSolution
	EndGlobalSection
	GlobalSection(ExtensibilityAddIns) = postSolution
	EndGlobalSection
EndGlobal
