
Microsoft Visual Studio Solution File, Format Version 12.00
# Visual Studio Version 17
VisualStudioVersion = 17.6.33712.159
MinimumVisualStudioVersion = 10.0.40219.1
Project("{FAE04EC0-301F-11D3-BF4B-00C04F79EFBC}") = "SongApp", "SongApp.csproj", "{9211354D-6748-4DD2-B1B0-697E26A04BD9}"
EndProject
Project("{FAE04EC0-301F-11D3-BF4B-00C04F79EFBC}") = "SongLib", "..\SongLib\SongLib.csproj", "{8357986B-4371-4401-89C2-6025AE376D82}"
EndProject
Global
	GlobalSection(SolutionConfigurationPlatforms) = preSolution
		Debug|Any CPU = Debug|Any CPU
		Release|Any CPU = Release|Any CPU
	EndGlobalSection
	GlobalSection(ProjectConfigurationPlatforms) = postSolution
		{9211354D-6748-4DD2-B1B0-697E26A04BD9}.Debug|Any CPU.ActiveCfg = Debug|Any CPU
		{9211354D-6748-4DD2-B1B0-697E26A04BD9}.Debug|Any CPU.Build.0 = Debug|Any CPU
		{9211354D-6748-4DD2-B1B0-697E26A04BD9}.Release|Any CPU.ActiveCfg = Release|Any CPU
		{9211354D-6748-4DD2-B1B0-697E26A04BD9}.Release|Any CPU.Build.0 = Release|Any CPU
		{8357986B-4371-4401-89C2-6025AE376D82}.Debug|Any CPU.ActiveCfg = Debug|Any CPU
		{8357986B-4371-4401-89C2-6025AE376D82}.Debug|Any CPU.Build.0 = Debug|Any CPU
		{8357986B-4371-4401-89C2-6025AE376D82}.Release|Any CPU.ActiveCfg = Release|Any CPU
		{8357986B-4371-4401-89C2-6025AE376D82}.Release|Any CPU.Build.0 = Release|Any CPU
	EndGlobalSection
	GlobalSection(SolutionProperties) = preSolution
		HideSolutionNode = FALSE
	EndGlobalSection
	GlobalSection(ExtensibilityGlobals) = postSolution
		SolutionGuid = {453A7504-B6F2-4DAD-AA53-B60817FB8618}
	EndGlobalSection
EndGlobal
