
Microsoft Visual Studio Solution File, Format Version 12.00
# Visual Studio Version 17
VisualStudioVersion = 17.6.33712.159
MinimumVisualStudioVersion = 10.0.40219.1
Project("{FAE04EC0-301F-11D3-BF4B-00C04F79EFBC}") = "NumberSortv1", "NumberSortv1.csproj", "{977202C1-8D0C-42E7-8877-D527F8F70D7E}"
EndProject
Global
	GlobalSection(SolutionConfigurationPlatforms) = preSolution
		Debug|Any CPU = Debug|Any CPU
		Release|Any CPU = Release|Any CPU
	EndGlobalSection
	GlobalSection(ProjectConfigurationPlatforms) = postSolution
		{977202C1-8D0C-42E7-8877-D527F8F70D7E}.Debug|Any CPU.ActiveCfg = Debug|Any CPU
		{977202C1-8D0C-42E7-8877-D527F8F70D7E}.Debug|Any CPU.Build.0 = Debug|Any CPU
		{977202C1-8D0C-42E7-8877-D527F8F70D7E}.Release|Any CPU.ActiveCfg = Release|Any CPU
		{977202C1-8D0C-42E7-8877-D527F8F70D7E}.Release|Any CPU.Build.0 = Release|Any CPU
	EndGlobalSection
	GlobalSection(SolutionProperties) = preSolution
		HideSolutionNode = FALSE
	EndGlobalSection
	GlobalSection(ExtensibilityGlobals) = postSolution
		SolutionGuid = {D6B64C49-F7DD-48DD-BE13-0BFD2738F697}
	EndGlobalSection
EndGlobal
