
Microsoft Visual Studio Solution File, Format Version 12.00
# Visual Studio Version 16
VisualStudioVersion = 16.0.30523.141
MinimumVisualStudioVersion = 10.0.40219.1
Project("{FAE04EC0-301F-11D3-BF4B-00C04F79EFBC}") = "NumberSortV1", "NumberSortV1.csproj", "{CA42EF81-AD03-4ED0-8A49-3FED973AFCE0}"
EndProject
Global
	GlobalSection(SolutionConfigurationPlatforms) = preSolution
		Debug|Any CPU = Debug|Any CPU
		Release|Any CPU = Release|Any CPU
	EndGlobalSection
	GlobalSection(ProjectConfigurationPlatforms) = postSolution
		{CA42EF81-AD03-4ED0-8A49-3FED973AFCE0}.Debug|Any CPU.ActiveCfg = Debug|Any CPU
		{CA42EF81-AD03-4ED0-8A49-3FED973AFCE0}.Debug|Any CPU.Build.0 = Debug|Any CPU
		{CA42EF81-AD03-4ED0-8A49-3FED973AFCE0}.Release|Any CPU.ActiveCfg = Release|Any CPU
		{CA42EF81-AD03-4ED0-8A49-3FED973AFCE0}.Release|Any CPU.Build.0 = Release|Any CPU
	EndGlobalSection
	GlobalSection(SolutionProperties) = preSolution
		HideSolutionNode = FALSE
	EndGlobalSection
	GlobalSection(ExtensibilityGlobals) = postSolution
		SolutionGuid = {3D86DAE3-8841-4B90-9C99-C5F3855CE9AE}
	EndGlobalSection
EndGlobal
