Microsoft Visual Studio Solution File, Format Version 12.00
# Visual Studio Version 17
VisualStudioVersion = 17.6.33712.159
MinimumVisualStudioVersion = 10.0.40219.1
Project("{FAE04EC0-301F-11D3-BF4B-00C04F79EFBC}") = "WebLog", "http://localhost/WebLog/WebLog.csproj", "{C91EF946-E4D7-4A87-AABB-2786D45EF877}"
EndProject
Global
	GlobalSection(SolutionConfigurationPlatforms) = preSolution
		Debug|Default = Debug|Default
		Release|Default = Release|Default
	EndGlobalSection
	GlobalSection(ProjectConfigurationPlatforms) = postSolution
		{C91EF946-E4D7-4A87-AABB-2786D45EF877}.Debug|Default.ActiveCfg = Debug|Any CPU
		{C91EF946-E4D7-4A87-AABB-2786D45EF877}.Debug|Default.Build.0 = Debug|Any CPU
		{C91EF946-E4D7-4A87-AABB-2786D45EF877}.Release|Default.ActiveCfg = Release|Any CPU
		{C91EF946-E4D7-4A87-AABB-2786D45EF877}.Release|Default.Build.0 = Release|Any CPU
	EndGlobalSection
	GlobalSection(SolutionProperties) = preSolution
		HideSolutionNode = FALSE
	EndGlobalSection
	GlobalSection(ExtensibilityGlobals) = postSolution
		SolutionGuid = {45037115-837B-4A74-9D5E-289475E06654}
	EndGlobalSection
EndGlobal
