Microsoft Visual Studio Solution File, Format Version 12.00
# Visual Studio Version 16
VisualStudioVersion = 16.0.29215.179
MinimumVisualStudioVersion = 10.0.40219.1
Project("{FAE04EC0-301F-11D3-BF4B-00C04F79EFBC}") = "Ch10CardLib", "Ch10CardLib.csproj", "{151EA97A-3195-43A8-AD0A-0A1AC671E572}"
EndProject
Project("{FAE04EC0-301F-11D3-BF4B-00C04F79EFBC}") = "Ch10CardClient", "..\Ch10CardClient\Ch10CardClient.csproj", "{C9CD53F4-E20D-416B-A2B6-9F8271645EEC}"
EndProject
Global
	GlobalSection(SolutionConfigurationPlatforms) = preSolution
		Debug|Any CPU = Debug|Any CPU
		Release|Any CPU = Release|Any CPU
	EndGlobalSection
	GlobalSection(ProjectConfigurationPlatforms) = postSolution
		{151EA97A-3195-43A8-AD0A-0A1AC671E572}.Debug|Any CPU.ActiveCfg = Debug|Any CPU
		{151EA97A-3195-43A8-AD0A-0A1AC671E572}.Debug|Any CPU.Build.0 = Debug|Any CPU
		{151EA97A-3195-43A8-AD0A-0A1AC671E572}.Release|Any CPU.ActiveCfg = Release|Any CPU
		{151EA97A-3195-43A8-AD0A-0A1AC671E572}.Release|Any CPU.Build.0 = Release|Any CPU
		{C9CD53F4-E20D-416B-A2B6-9F8271645EEC}.Debug|Any CPU.ActiveCfg = Debug|Any CPU
		{C9CD53F4-E20D-416B-A2B6-9F8271645EEC}.Debug|Any CPU.Build.0 = Debug|Any CPU
		{C9CD53F4-E20D-416B-A2B6-9F8271645EEC}.Release|Any CPU.ActiveCfg = Release|Any CPU
		{C9CD53F4-E20D-416B-A2B6-9F8271645EEC}.Release|Any CPU.Build.0 = Release|Any CPU
	EndGlobalSection
	GlobalSection(SolutionProperties) = preSolution
		HideSolutionNode = FALSE
	EndGlobalSection
	GlobalSection(ExtensibilityGlobals) = postSolution
		SolutionGuid = {BACA94FE-7FBE-4058-B693-062A27476D20}
	EndGlobalSection
EndGlobal
