Microsoft Visual Studio Solution File, Format Version 7.00
Project("{FAE04EC0-301F-11D3-BF4B-00C04F79EFBC}") = "SimpleClient", "SimpleClient.csproj", "{719CF525-A6D0-44E9-BA82-132C17C7C8E9}"
EndProject
Global
	GlobalSection(SolutionConfiguration) = preSolution
		ConfigName.0 = Debug
		ConfigName.1 = Release
	EndGlobalSection
	GlobalSection(ProjectDependencies) = postSolution
	EndGlobalSection
	GlobalSection(ProjectConfiguration) = postSolution
		{719CF525-A6D0-44E9-BA82-132C17C7C8E9}.Debug.ActiveCfg = Debug|.NET
		{719CF525-A6D0-44E9-BA82-132C17C7C8E9}.Debug.Build.0 = Debug|.NET
		{719CF525-A6D0-44E9-BA82-132C17C7C8E9}.Release.ActiveCfg = Release|.NET
		{719CF525-A6D0-44E9-BA82-132C17C7C8E9}.Release.Build.0 = Release|.NET
	EndGlobalSection
	GlobalSection(ExtensibilityGlobals) = postSolution
	EndGlobalSection
	GlobalSection(ExtensibilityAddIns) = postSolution
	EndGlobalSection
EndGlobal
