
Microsoft Visual Studio Solution File, Format Version 12.00
# Visual Studio Version 17
VisualStudioVersion = 17.4.33205.214
MinimumVisualStudioVersion = 10.0.40219.1
Project("{FAE04EC0-301F-11D3-BF4B-00C04F79EFBC}") = "MethodsEnumStruct", "MethodsEnumStruct.csproj", "{F9949F61-2FF9-4B68-820F-6D57CBE16C2E}"
EndProject
Global
	GlobalSection(SolutionConfigurationPlatforms) = preSolution
		Debug|Any CPU = Debug|Any CPU
		Release|Any CPU = Release|Any CPU
	EndGlobalSection
	GlobalSection(ProjectConfigurationPlatforms) = postSolution
		{F9949F61-2FF9-4B68-820F-6D57CBE16C2E}.Debug|Any CPU.ActiveCfg = Debug|Any CPU
		{F9949F61-2FF9-4B68-820F-6D57CBE16C2E}.Debug|Any CPU.Build.0 = Debug|Any CPU
		{F9949F61-2FF9-4B68-820F-6D57CBE16C2E}.Release|Any CPU.ActiveCfg = Release|Any CPU
		{F9949F61-2FF9-4B68-820F-6D57CBE16C2E}.Release|Any CPU.Build.0 = Release|Any CPU
	EndGlobalSection
	GlobalSection(SolutionProperties) = preSolution
		HideSolutionNode = FALSE
	EndGlobalSection
	GlobalSection(ExtensibilityGlobals) = postSolution
		SolutionGuid = {9156890E-B533-41A3-AC16-CE5360026F18}
	EndGlobalSection
EndGlobal
