Microsoft Visual Studio Solution File, Format Version 7.00
Project("{FAE04EC0-301F-11D3-BF4B-00C04F79EFBC}") = "GettingData", "GettingData.csproj", "{3719CBC9-6085-4E37-87B9-AD257818E393}"
EndProject
Global
	GlobalSection(SolutionConfiguration) = preSolution
		ConfigName.0 = Debug
		ConfigName.1 = Release
	EndGlobalSection
	GlobalSection(ProjectDependencies) = postSolution
	EndGlobalSection
	GlobalSection(ProjectConfiguration) = postSolution
		{3719CBC9-6085-4E37-87B9-AD257818E393}.Debug.ActiveCfg = Debug|.NET
		{3719CBC9-6085-4E37-87B9-AD257818E393}.Debug.Build.0 = Debug|.NET
		{3719CBC9-6085-4E37-87B9-AD257818E393}.Release.ActiveCfg = Release|.NET
		{3719CBC9-6085-4E37-87B9-AD257818E393}.Release.Build.0 = Release|.NET
	EndGlobalSection
	GlobalSection(ExtensibilityGlobals) = postSolution
	EndGlobalSection
	GlobalSection(ExtensibilityAddIns) = postSolution
	EndGlobalSection
EndGlobal
