Microsoft Visual Studio Solution File, Format Version 12.00
# Visual Studio Version 17
VisualStudioVersion = 17.6.33712.159
MinimumVisualStudioVersion = 10.0.40219.1
Project("{FAE04EC0-301F-11D3-BF4B-00C04F79EFBC}") = "ManyRelations", "ManyRelations.csproj", "{322FAC03-9CFF-414A-9D42-3478A45A2628}"
EndProject
Global
	GlobalSection(SolutionConfigurationPlatforms) = preSolution
		Debug|Any CPU = Debug|Any CPU
		Release|Any CPU = Release|Any CPU
	EndGlobalSection
	GlobalSection(ProjectConfigurationPlatforms) = postSolution
		{322FAC03-9CFF-414A-9D42-3478A45A2628}.Debug|Any CPU.ActiveCfg = Debug|Any CPU
		{322FAC03-9CFF-414A-9D42-3478A45A2628}.Debug|Any CPU.Build.0 = Debug|Any CPU
		{322FAC03-9CFF-414A-9D42-3478A45A2628}.Release|Any CPU.ActiveCfg = Release|Any CPU
		{322FAC03-9CFF-414A-9D42-3478A45A2628}.Release|Any CPU.Build.0 = Release|Any CPU
	EndGlobalSection
	GlobalSection(SolutionProperties) = preSolution
		HideSolutionNode = FALSE
	EndGlobalSection
	GlobalSection(ExtensibilityGlobals) = postSolution
		SolutionGuid = {43D449AE-C3E8-4A1B-91E9-BC342568F604}
	EndGlobalSection
EndGlobal
