
Microsoft Visual Studio Solution File, Format Version 12.00
# Visual Studio Version 17
VisualStudioVersion = 17.2.32630.192
MinimumVisualStudioVersion = 10.0.40219.1
Project("{FAE04EC0-301F-11D3-BF4B-00C04F79EFBC}") = "PropertiesAndInterfaces", "PropertiesAndInterfaces.csproj", "{360684D0-0050-40E0-9247-B9A7A5DAD2C4}"
EndProject
Global
	GlobalSection(SolutionConfigurationPlatforms) = preSolution
		Debug|Any CPU = Debug|Any CPU
		Release|Any CPU = Release|Any CPU
	EndGlobalSection
	GlobalSection(ProjectConfigurationPlatforms) = postSolution
		{360684D0-0050-40E0-9247-B9A7A5DAD2C4}.Debug|Any CPU.ActiveCfg = Debug|Any CPU
		{360684D0-0050-40E0-9247-B9A7A5DAD2C4}.Debug|Any CPU.Build.0 = Debug|Any CPU
		{360684D0-0050-40E0-9247-B9A7A5DAD2C4}.Release|Any CPU.ActiveCfg = Release|Any CPU
		{360684D0-0050-40E0-9247-B9A7A5DAD2C4}.Release|Any CPU.Build.0 = Release|Any CPU
	EndGlobalSection
	GlobalSection(SolutionProperties) = preSolution
		HideSolutionNode = FALSE
	EndGlobalSection
	GlobalSection(ExtensibilityGlobals) = postSolution
		SolutionGuid = {733C3D7F-F4B7-4077-930D-F5B0D9482EB1}
	EndGlobalSection
EndGlobal
