Microsoft Visual Studio Solution File, Format Version 12.00
# Visual Studio Version 17
VisualStudioVersion = 17.6.33712.159
MinimumVisualStudioVersion = 10.0.40219.1
Project("{FAE04EC0-301F-11D3-BF4B-00C04F79EFBC}") = "DrawingPaths", "DrawingPaths.csproj", "{DF423CD7-0118-4323-B113-103F42FF5B45}"
EndProject
Global
	GlobalSection(SolutionConfigurationPlatforms) = preSolution
		Debug|Any CPU = Debug|Any CPU
		Release|Any CPU = Release|Any CPU
	EndGlobalSection
	GlobalSection(ProjectConfigurationPlatforms) = postSolution
		{DF423CD7-0118-4323-B113-103F42FF5B45}.Debug|Any CPU.ActiveCfg = Debug|Any CPU
		{DF423CD7-0118-4323-B113-103F42FF5B45}.Debug|Any CPU.Build.0 = Debug|Any CPU
		{DF423CD7-0118-4323-B113-103F42FF5B45}.Release|Any CPU.ActiveCfg = Release|Any CPU
		{DF423CD7-0118-4323-B113-103F42FF5B45}.Release|Any CPU.Build.0 = Release|Any CPU
	EndGlobalSection
	GlobalSection(SolutionProperties) = preSolution
		HideSolutionNode = FALSE
	EndGlobalSection
	GlobalSection(ExtensibilityGlobals) = postSolution
		SolutionGuid = {90207A16-5502-41DB-A411-89C1543CB83E}
	EndGlobalSection
EndGlobal
