
Microsoft Visual Studio Solution File, Format Version 12.00
# Visual Studio Version 16
VisualStudioVersion = 16.0.29920.165
MinimumVisualStudioVersion = 10.0.40219.1
Project("{FAE04EC0-301F-11D3-BF4B-00C04F79EFBC}") = "SquashBugs", "SquashBugs.csproj", "{88F61036-40E4-4DF0-BC12-8093B2ACF38A}"
EndProject
Global
	GlobalSection(SolutionConfigurationPlatforms) = preSolution
		Debug|Any CPU = Debug|Any CPU
		Release|Any CPU = Release|Any CPU
	EndGlobalSection
	GlobalSection(ProjectConfigurationPlatforms) = postSolution
		{88F61036-40E4-4DF0-BC12-8093B2ACF38A}.Debug|Any CPU.ActiveCfg = Debug|Any CPU
		{88F61036-40E4-4DF0-BC12-8093B2ACF38A}.Debug|Any CPU.Build.0 = Debug|Any CPU
		{88F61036-40E4-4DF0-BC12-8093B2ACF38A}.Release|Any CPU.ActiveCfg = Release|Any CPU
		{88F61036-40E4-4DF0-BC12-8093B2ACF38A}.Release|Any CPU.Build.0 = Release|Any CPU
	EndGlobalSection
	GlobalSection(SolutionProperties) = preSolution
		HideSolutionNode = FALSE
	EndGlobalSection
	GlobalSection(ExtensibilityGlobals) = postSolution
		SolutionGuid = {AE5E2405-13E3-43B8-B5A8-2ABB06C10EE6}
	EndGlobalSection
EndGlobal
