Microsoft Visual Studio Solution File, Format Version 12.00
# Visual Studio Version 17
VisualStudioVersion = 17.6.33712.159
MinimumVisualStudioVersion = 10.0.40219.1
Project("{FAE04EC0-301F-11D3-BF4B-00C04F79EFBC}") = "SimpleLoopScope", "SimpleLoopScope.csproj", "{84867A26-1C65-4D24-B6E4-EE65C0480D6B}"
EndProject
Global
	GlobalSection(SolutionConfigurationPlatforms) = preSolution
		Debug|Any CPU = Debug|Any CPU
		Release|Any CPU = Release|Any CPU
	EndGlobalSection
	GlobalSection(ProjectConfigurationPlatforms) = postSolution
		{84867A26-1C65-4D24-B6E4-EE65C0480D6B}.Debug|Any CPU.ActiveCfg = Debug|Any CPU
		{84867A26-1C65-4D24-B6E4-EE65C0480D6B}.Debug|Any CPU.Build.0 = Debug|Any CPU
		{84867A26-1C65-4D24-B6E4-EE65C0480D6B}.Release|Any CPU.ActiveCfg = Release|Any CPU
		{84867A26-1C65-4D24-B6E4-EE65C0480D6B}.Release|Any CPU.Build.0 = Release|Any CPU
	EndGlobalSection
	GlobalSection(SolutionProperties) = preSolution
		HideSolutionNode = FALSE
	EndGlobalSection
	GlobalSection(ExtensibilityGlobals) = postSolution
		SolutionGuid = {1741AA30-9BCD-4CE8-938C-CBA3EAEEBD9E}
	EndGlobalSection
EndGlobal
