Microsoft Visual Studio Solution File, Format Version 7.00
Project("{FAE04EC0-301F-11D3-BF4B-00C04F79EFBC}") = "DrawingLines", "DrawingLines.csproj", "{FDEE3200-6590-4A6C-A25F-9D3F40018324}"
EndProject
Global
	GlobalSection(SolutionConfiguration) = preSolution
		ConfigName.0 = Debug
		ConfigName.1 = Release
	EndGlobalSection
	GlobalSection(ProjectDependencies) = postSolution
	EndGlobalSection
	GlobalSection(ProjectConfiguration) = postSolution
		{FDEE3200-6590-4A6C-A25F-9D3F40018324}.Debug.ActiveCfg = Debug|.NET
		{FDEE3200-6590-4A6C-A25F-9D3F40018324}.Debug.Build.0 = Debug|.NET
		{FDEE3200-6590-4A6C-A25F-9D3F40018324}.Release.ActiveCfg = Release|.NET
		{FDEE3200-6590-4A6C-A25F-9D3F40018324}.Release.Build.0 = Release|.NET
	EndGlobalSection
	GlobalSection(ExtensibilityGlobals) = postSolution
	EndGlobalSection
	GlobalSection(ExtensibilityAddIns) = postSolution
	EndGlobalSection
EndGlobal
