Microsoft Visual Studio Solution File, Format Version 12.00
# Visual Studio Version 17
VisualStudioVersion = 17.6.33712.159
MinimumVisualStudioVersion = 10.0.40219.1
Project("{FAE04EC0-301F-11D3-BF4B-00C04F79EFBC}") = "DrawingLines", "DrawingLines.csproj", "{FDEE3200-6590-4A6C-A25F-9D3F40018324}"
EndProject
Global
	GlobalSection(SolutionConfigurationPlatforms) = preSolution
		Debug|Any CPU = Debug|Any CPU
		Release|Any CPU = Release|Any CPU
	EndGlobalSection
	GlobalSection(ProjectConfigurationPlatforms) = postSolution
		{FDEE3200-6590-4A6C-A25F-9D3F40018324}.Debug|Any CPU.ActiveCfg = Debug|Any CPU
		{FDEE3200-6590-4A6C-A25F-9D3F40018324}.Debug|Any CPU.Build.0 = Debug|Any CPU
		{FDEE3200-6590-4A6C-A25F-9D3F40018324}.Release|Any CPU.ActiveCfg = Release|Any CPU
		{FDEE3200-6590-4A6C-A25F-9D3F40018324}.Release|Any CPU.Build.0 = Release|Any CPU
	EndGlobalSection
	GlobalSection(SolutionProperties) = preSolution
		HideSolutionNode = FALSE
	EndGlobalSection
	GlobalSection(ExtensibilityGlobals) = postSolution
		SolutionGuid = {D3899980-AEF4-46CA-94B1-A8B1FD07762C}
	EndGlobalSection
EndGlobal
