Microsoft Visual Studio Solution File, Format Version 7.00
Project("{FAE04EC0-301F-11D3-BF4B-00C04F79EFBC}") = "DataSetRead", "DataSetRead.csproj", "{EC1365A3-B67C-4070-8A7B-56CC2AF10E50}"
EndProject
Global
	GlobalSection(SolutionConfiguration) = preSolution
		ConfigName.0 = Debug
		ConfigName.1 = Release
	EndGlobalSection
	GlobalSection(ProjectDependencies) = postSolution
	EndGlobalSection
	GlobalSection(ProjectConfiguration) = postSolution
		{EC1365A3-B67C-4070-8A7B-56CC2AF10E50}.Debug.ActiveCfg = Debug|.NET
		{EC1365A3-B67C-4070-8A7B-56CC2AF10E50}.Debug.Build.0 = Debug|.NET
		{EC1365A3-B67C-4070-8A7B-56CC2AF10E50}.Release.ActiveCfg = Release|.NET
		{EC1365A3-B67C-4070-8A7B-56CC2AF10E50}.Release.Build.0 = Release|.NET
	EndGlobalSection
	GlobalSection(ExtensibilityGlobals) = postSolution
	EndGlobalSection
	GlobalSection(ExtensibilityAddIns) = postSolution
	EndGlobalSection
EndGlobal
