Microsoft Visual Studio Solution File, Format Version 12.00
# Visual Studio Version 16
VisualStudioVersion = 16.0.29201.188
MinimumVisualStudioVersion = 10.0.40219.1
Project("{FAE04EC0-301F-11D3-BF4B-00C04F79EFBC}") = "Ch04Ex03", "Ch04Ex03.csproj", "{CFB5779C-13D6-4963-91B6-79DAC8167C9D}"
EndProject
Global
	GlobalSection(SolutionConfigurationPlatforms) = preSolution
		Debug|Any CPU = Debug|Any CPU
		Release|Any CPU = Release|Any CPU
	EndGlobalSection
	GlobalSection(ProjectConfigurationPlatforms) = postSolution
		{CFB5779C-13D6-4963-91B6-79DAC8167C9D}.Debug|Any CPU.ActiveCfg = Debug|Any CPU
		{CFB5779C-13D6-4963-91B6-79DAC8167C9D}.Debug|Any CPU.Build.0 = Debug|Any CPU
		{CFB5779C-13D6-4963-91B6-79DAC8167C9D}.Release|Any CPU.ActiveCfg = Release|Any CPU
		{CFB5779C-13D6-4963-91B6-79DAC8167C9D}.Release|Any CPU.Build.0 = Release|Any CPU
	EndGlobalSection
	GlobalSection(SolutionProperties) = preSolution
		HideSolutionNode = FALSE
	EndGlobalSection
	GlobalSection(ExtensibilityGlobals) = postSolution
		SolutionGuid = {C9FC4D71-4520-4FB5-9DF7-522834415466}
	EndGlobalSection
EndGlobal
