Microsoft Visual Studio Solution File, Format Version 7.00
Project("{FAE04EC0-301F-11D3-BF4B-00C04F79EFBC}") = "GraphicsPath", "GraphicsPath.csproj", "{AAB7DFC3-8A4A-403B-8361-4DFFAE21B275}"
EndProject
Global
	GlobalSection(SolutionConfiguration) = preSolution
		ConfigName.0 = Debug
		ConfigName.1 = Release
	EndGlobalSection
	GlobalSection(ProjectDependencies) = postSolution
	EndGlobalSection
	GlobalSection(ProjectConfiguration) = postSolution
		{AAB7DFC3-8A4A-403B-8361-4DFFAE21B275}.Debug.ActiveCfg = Debug|.NET
		{AAB7DFC3-8A4A-403B-8361-4DFFAE21B275}.Debug.Build.0 = Debug|.NET
		{AAB7DFC3-8A4A-403B-8361-4DFFAE21B275}.Release.ActiveCfg = Release|.NET
		{AAB7DFC3-8A4A-403B-8361-4DFFAE21B275}.Release.Build.0 = Release|.NET
	EndGlobalSection
	GlobalSection(ExtensibilityGlobals) = postSolution
	EndGlobalSection
	GlobalSection(ExtensibilityAddIns) = postSolution
	EndGlobalSection
EndGlobal
