Microsoft Visual Studio Solution File, Format Version 12.00
# Visual Studio Version 16
VisualStudioVersion = 16.0.29215.179
MinimumVisualStudioVersion = 10.0.40219.1
Project("{FAE04EC0-301F-11D3-BF4B-00C04F79EFBC}") = "ListView", "ListView.csproj", "{193A1CAB-12EB-4787-99FF-5B2D9A38B232}"
EndProject
Global
	GlobalSection(SolutionConfigurationPlatforms) = preSolution
		Debug|Any CPU = Debug|Any CPU
		Release|Any CPU = Release|Any CPU
	EndGlobalSection
	GlobalSection(ProjectConfigurationPlatforms) = postSolution
		{193A1CAB-12EB-4787-99FF-5B2D9A38B232}.Debug|Any CPU.ActiveCfg = Debug|Any CPU
		{193A1CAB-12EB-4787-99FF-5B2D9A38B232}.Debug|Any CPU.Build.0 = Debug|Any CPU
		{193A1CAB-12EB-4787-99FF-5B2D9A38B232}.Release|Any CPU.ActiveCfg = Release|Any CPU
		{193A1CAB-12EB-4787-99FF-5B2D9A38B232}.Release|Any CPU.Build.0 = Release|Any CPU
	EndGlobalSection
	GlobalSection(SolutionProperties) = preSolution
		HideSolutionNode = FALSE
	EndGlobalSection
	GlobalSection(ExtensibilityGlobals) = postSolution
		SolutionGuid = {92794B9F-5F95-4777-BB68-D3982EF2BE65}
	EndGlobalSection
EndGlobal
