Microsoft Visual Studio Solution File, Format Version 12.00
# Visual Studio Version 16
VisualStudioVersion = 16.0.29201.188
MinimumVisualStudioVersion = 10.0.40219.1
Project("{FAE04EC0-301F-11D3-BF4B-00C04F79EFBC}") = "Ch04Ex02", "Ch04Ex02.csproj", "{DA9543A0-3B38-4761-9D2E-3CAEFDEF31D3}"
EndProject
Global
	GlobalSection(SolutionConfigurationPlatforms) = preSolution
		Debug|Any CPU = Debug|Any CPU
		Release|Any CPU = Release|Any CPU
	EndGlobalSection
	GlobalSection(ProjectConfigurationPlatforms) = postSolution
		{DA9543A0-3B38-4761-9D2E-3CAEFDEF31D3}.Debug|Any CPU.ActiveCfg = Debug|Any CPU
		{DA9543A0-3B38-4761-9D2E-3CAEFDEF31D3}.Debug|Any CPU.Build.0 = Debug|Any CPU
		{DA9543A0-3B38-4761-9D2E-3CAEFDEF31D3}.Release|Any CPU.ActiveCfg = Release|Any CPU
		{DA9543A0-3B38-4761-9D2E-3CAEFDEF31D3}.Release|Any CPU.Build.0 = Release|Any CPU
	EndGlobalSection
	GlobalSection(SolutionProperties) = preSolution
		HideSolutionNode = FALSE
	EndGlobalSection
	GlobalSection(ExtensibilityGlobals) = postSolution
		SolutionGuid = {34D3D648-347C-4F0D-8F33-7E51384AE13C}
	EndGlobalSection
EndGlobal
