Microsoft Visual Studio Solution File, Format Version 12.00
# Visual Studio Version 16
VisualStudioVersion = 16.0.29215.179
MinimumVisualStudioVersion = 10.0.40219.1
Project("{FAE04EC0-301F-11D3-BF4B-00C04F79EFBC}") = "RichTextBoxTest", "RichTextBoxTest.csproj", "{F9521923-A82F-4DDB-AC6A-AA93E5D1C616}"
EndProject
Global
	GlobalSection(SolutionConfigurationPlatforms) = preSolution
		Debug|Any CPU = Debug|Any CPU
		Release|Any CPU = Release|Any CPU
	EndGlobalSection
	GlobalSection(ProjectConfigurationPlatforms) = postSolution
		{F9521923-A82F-4DDB-AC6A-AA93E5D1C616}.Debug|Any CPU.ActiveCfg = Debug|Any CPU
		{F9521923-A82F-4DDB-AC6A-AA93E5D1C616}.Debug|Any CPU.Build.0 = Debug|Any CPU
		{F9521923-A82F-4DDB-AC6A-AA93E5D1C616}.Release|Any CPU.ActiveCfg = Release|Any CPU
		{F9521923-A82F-4DDB-AC6A-AA93E5D1C616}.Release|Any CPU.Build.0 = Release|Any CPU
	EndGlobalSection
	GlobalSection(SolutionProperties) = preSolution
		HideSolutionNode = FALSE
	EndGlobalSection
	GlobalSection(ExtensibilityGlobals) = postSolution
		SolutionGuid = {C770A168-620F-4C15-A6EC-13646BD9D487}
	EndGlobalSection
EndGlobal
