Microsoft Visual Studio Solution File, Format Version 7.00
Project("{FAE04EC0-301F-11D3-BF4B-00C04F79EFBC}") = "Ch06Ex05", "Ch06Ex05.csproj", "{C39D60E2-7A12-45F1-BEE1-721ACA785859}"
EndProject
Global
	GlobalSection(SolutionConfiguration) = preSolution
		ConfigName.0 = Debug
		ConfigName.1 = Release
	EndGlobalSection
	GlobalSection(ProjectDependencies) = postSolution
	EndGlobalSection
	GlobalSection(ProjectConfiguration) = postSolution
		{C39D60E2-7A12-45F1-BEE1-721ACA785859}.Debug.ActiveCfg = Debug|.NET
		{C39D60E2-7A12-45F1-BEE1-721ACA785859}.Debug.Build.0 = Debug|.NET
		{C39D60E2-7A12-45F1-BEE1-721ACA785859}.Release.ActiveCfg = Release|.NET
		{C39D60E2-7A12-45F1-BEE1-721ACA785859}.Release.Build.0 = Release|.NET
	EndGlobalSection
	GlobalSection(ExtensibilityGlobals) = postSolution
	EndGlobalSection
	GlobalSection(ExtensibilityAddIns) = postSolution
	EndGlobalSection
EndGlobal
