Microsoft Visual Studio Solution File, Format Version 7.00
Project("{FAE04EC0-301F-11D3-BF4B-00C04F79EFBC}") = "Ch05Ex01", "Ch05Ex01.csproj", "{D9F805DC-1359-4558-A9DF-58BA99933607}"
EndProject
Global
	GlobalSection(SolutionConfiguration) = preSolution
		ConfigName.0 = Debug
		ConfigName.1 = Release
	EndGlobalSection
	GlobalSection(ProjectDependencies) = postSolution
	EndGlobalSection
	GlobalSection(ProjectConfiguration) = postSolution
		{D9F805DC-1359-4558-A9DF-58BA99933607}.Debug.ActiveCfg = Debug|.NET
		{D9F805DC-1359-4558-A9DF-58BA99933607}.Debug.Build.0 = Debug|.NET
		{D9F805DC-1359-4558-A9DF-58BA99933607}.Release.ActiveCfg = Release|.NET
		{D9F805DC-1359-4558-A9DF-58BA99933607}.Release.Build.0 = Release|.NET
	EndGlobalSection
	GlobalSection(ExtensibilityGlobals) = postSolution
	EndGlobalSection
	GlobalSection(ExtensibilityAddIns) = postSolution
	EndGlobalSection
EndGlobal
