Microsoft Visual Studio Solution File, Format Version 12.00
# Visual Studio Version 17
VisualStudioVersion = 17.6.33712.159
MinimumVisualStudioVersion = 10.0.40219.1
Project("{FAE04EC0-301F-11D3-BF4B-00C04F79EFBC}") = "Ch05Ex01", "Ch05Ex01.csproj", "{D9F805DC-1359-4558-A9DF-58BA99933607}"
EndProject
Global
	GlobalSection(SolutionConfigurationPlatforms) = preSolution
		Debug|Any CPU = Debug|Any CPU
		Release|Any CPU = Release|Any CPU
	EndGlobalSection
	GlobalSection(ProjectConfigurationPlatforms) = postSolution
		{D9F805DC-1359-4558-A9DF-58BA99933607}.Debug|Any CPU.ActiveCfg = Debug|Any CPU
		{D9F805DC-1359-4558-A9DF-58BA99933607}.Debug|Any CPU.Build.0 = Debug|Any CPU
		{D9F805DC-1359-4558-A9DF-58BA99933607}.Release|Any CPU.ActiveCfg = Release|Any CPU
		{D9F805DC-1359-4558-A9DF-58BA99933607}.Release|Any CPU.Build.0 = Release|Any CPU
	EndGlobalSection
	GlobalSection(SolutionProperties) = preSolution
		HideSolutionNode = FALSE
	EndGlobalSection
	GlobalSection(ExtensibilityGlobals) = postSolution
		SolutionGuid = {001D09D1-E1A9-427E-BBC4-9B7B21D696C3}
	EndGlobalSection
EndGlobal
