Microsoft Visual Studio Solution File, Format Version 12.00
# Visual Studio Version 17
VisualStudioVersion = 17.6.33712.159
MinimumVisualStudioVersion = 10.0.40219.1
Project("{FAE04EC0-301F-11D3-BF4B-00C04F79EFBC}") = "StreamRead", "StreamRead.csproj", "{74CA2D11-0F39-4772-A9DB-D716F419FAEA}"
EndProject
Global
	GlobalSection(SolutionConfigurationPlatforms) = preSolution
		Debug|Any CPU = Debug|Any CPU
		Release|Any CPU = Release|Any CPU
	EndGlobalSection
	GlobalSection(ProjectConfigurationPlatforms) = postSolution
		{74CA2D11-0F39-4772-A9DB-D716F419FAEA}.Debug|Any CPU.ActiveCfg = Debug|Any CPU
		{74CA2D11-0F39-4772-A9DB-D716F419FAEA}.Debug|Any CPU.Build.0 = Debug|Any CPU
		{74CA2D11-0F39-4772-A9DB-D716F419FAEA}.Release|Any CPU.ActiveCfg = Release|Any CPU
		{74CA2D11-0F39-4772-A9DB-D716F419FAEA}.Release|Any CPU.Build.0 = Release|Any CPU
	EndGlobalSection
	GlobalSection(SolutionProperties) = preSolution
		HideSolutionNode = FALSE
	EndGlobalSection
	GlobalSection(ExtensibilityGlobals) = postSolution
		SolutionGuid = {A9DD2745-F0B1-445C-AF2E-E7D90DD4612E}
	EndGlobalSection
EndGlobal
