Microsoft Visual Studio Solution File, Format Version 12.00
# Visual Studio Version 16
VisualStudioVersion = 16.0.29215.179
MinimumVisualStudioVersion = 10.0.40219.1
Project("{FAE04EC0-301F-11D3-BF4B-00C04F79EFBC}") = "Ch12CardLib", "Ch12CardLib.csproj", "{ED4ED0DE-A0F2-4B57-9E36-25C6C6E4CE69}"
EndProject
Project("{FAE04EC0-301F-11D3-BF4B-00C04F79EFBC}") = "Ch12CardClient", "..\Ch12CardClient\Ch12CardClient.csproj", "{AC0CFB86-71D3-4368-9D00-C6132FA5F7C1}"
EndProject
Global
	GlobalSection(SolutionConfigurationPlatforms) = preSolution
		Debug|Any CPU = Debug|Any CPU
		Release|Any CPU = Release|Any CPU
	EndGlobalSection
	GlobalSection(ProjectConfigurationPlatforms) = postSolution
		{ED4ED0DE-A0F2-4B57-9E36-25C6C6E4CE69}.Debug|Any CPU.ActiveCfg = Debug|Any CPU
		{ED4ED0DE-A0F2-4B57-9E36-25C6C6E4CE69}.Debug|Any CPU.Build.0 = Debug|Any CPU
		{ED4ED0DE-A0F2-4B57-9E36-25C6C6E4CE69}.Release|Any CPU.ActiveCfg = Release|Any CPU
		{ED4ED0DE-A0F2-4B57-9E36-25C6C6E4CE69}.Release|Any CPU.Build.0 = Release|Any CPU
		{AC0CFB86-71D3-4368-9D00-C6132FA5F7C1}.Debug|Any CPU.ActiveCfg = Debug|Any CPU
		{AC0CFB86-71D3-4368-9D00-C6132FA5F7C1}.Debug|Any CPU.Build.0 = Debug|Any CPU
		{AC0CFB86-71D3-4368-9D00-C6132FA5F7C1}.Release|Any CPU.ActiveCfg = Release|Any CPU
		{AC0CFB86-71D3-4368-9D00-C6132FA5F7C1}.Release|Any CPU.Build.0 = Release|Any CPU
	EndGlobalSection
	GlobalSection(SolutionProperties) = preSolution
		HideSolutionNode = FALSE
	EndGlobalSection
	GlobalSection(ExtensibilityGlobals) = postSolution
		SolutionGuid = {4B48B999-C25C-4A2E-97FD-372D776DE978}
	EndGlobalSection
EndGlobal
